
Microsoft Visual Studio Solution File, Format Version 12.00
# Visual Studio Version 17
VisualStudioVersion = 17.14.36623.8
MinimumVisualStudioVersion = 10.0.40219.1
Project("{FAE04EC0-301F-11D3-BF4B-00C04F79EFBC}") = "MediTrackClinic", "MediTrackClinic\MediTrackClinic.csproj", "{AF7160EE-E08C-43BF-B5A3-8A65C3BB922A}"
EndProject
Project("{FAE04EC0-301F-11D3-BF4B-00C04F79EFBC}") = "MediTrackDataAccessLayer", "DataAccessLayer\MediTrackDataAccessLayer.csproj", "{4EC21717-2069-496A-8E08-CC31E5BF1280}"
EndProject
Project("{FAE04EC0-301F-11D3-BF4B-00C04F79EFBC}") = "MediTrackBussinesLayer", "MediTrackBussinesLayer\MediTrackBussinesLayer.csproj", "{6519A4AB-F16A-41E0-A7C9-6FFA6F36BC94}"
EndProject
Global
	GlobalSection(SolutionConfigurationPlatforms) = preSolution
		Debug|Any CPU = Debug|Any CPU
		Release|Any CPU = Release|Any CPU
	EndGlobalSection
	GlobalSection(ProjectConfigurationPlatforms) = postSolution
		{AF7160EE-E08C-43BF-B5A3-8A65C3BB922A}.Debug|Any CPU.ActiveCfg = Debug|Any CPU
		{AF7160EE-E08C-43BF-B5A3-8A65C3BB922A}.Debug|Any CPU.Build.0 = Debug|Any CPU
		{AF7160EE-E08C-43BF-B5A3-8A65C3BB922A}.Release|Any CPU.ActiveCfg = Release|Any CPU
		{AF7160EE-E08C-43BF-B5A3-8A65C3BB922A}.Release|Any CPU.Build.0 = Release|Any CPU
		{4EC21717-2069-496A-8E08-CC31E5BF1280}.Debug|Any CPU.ActiveCfg = Debug|Any CPU
		{4EC21717-2069-496A-8E08-CC31E5BF1280}.Debug|Any CPU.Build.0 = Debug|Any CPU
		{4EC21717-2069-496A-8E08-CC31E5BF1280}.Release|Any CPU.ActiveCfg = Release|Any CPU
		{4EC21717-2069-496A-8E08-CC31E5BF1280}.Release|Any CPU.Build.0 = Release|Any CPU
		{6519A4AB-F16A-41E0-A7C9-6FFA6F36BC94}.Debug|Any CPU.ActiveCfg = Debug|Any CPU
		{6519A4AB-F16A-41E0-A7C9-6FFA6F36BC94}.Debug|Any CPU.Build.0 = Debug|Any CPU
		{6519A4AB-F16A-41E0-A7C9-6FFA6F36BC94}.Release|Any CPU.ActiveCfg = Release|Any CPU
		{6519A4AB-F16A-41E0-A7C9-6FFA6F36BC94}.Release|Any CPU.Build.0 = Release|Any CPU
	EndGlobalSection
	GlobalSection(SolutionProperties) = preSolution
		HideSolutionNode = FALSE
	EndGlobalSection
	GlobalSection(ExtensibilityGlobals) = postSolution
		SolutionGuid = {1545339D-5828-41A3-B381-38C76961DFBC}
	EndGlobalSection
EndGlobal
